
Microsoft Visual Studio Solution File, Format Version 12.00
# Visual Studio Version 17
VisualStudioVersion = 17.4.33103.184
MinimumVisualStudioVersion = 10.0.40219.1
Project("{FAE04EC0-301F-11D3-BF4B-00C04F79EFBC}") = "DI_Demo", "DI_Demo\DI_Demo.csproj", "{CF8B14D4-7895-497C-8D5C-B2C02B53F655}"
EndProject
Global
	GlobalSection(SolutionConfigurationPlatforms) = preSolution
		Debug|Any CPU = Debug|Any CPU
		Release|Any CPU = Release|Any CPU
	EndGlobalSection
	GlobalSection(ProjectConfigurationPlatforms) = postSolution
		{CF8B14D4-7895-497C-8D5C-B2C02B53F655}.Debug|Any CPU.ActiveCfg = Debug|Any CPU
		{CF8B14D4-7895-497C-8D5C-B2C02B53F655}.Debug|Any CPU.Build.0 = Debug|Any CPU
		{CF8B14D4-7895-497C-8D5C-B2C02B53F655}.Release|Any CPU.ActiveCfg = Release|Any CPU
		{CF8B14D4-7895-497C-8D5C-B2C02B53F655}.Release|Any CPU.Build.0 = Release|Any CPU
	EndGlobalSection
	GlobalSection(SolutionProperties) = preSolution
		HideSolutionNode = FALSE
	EndGlobalSection
	GlobalSection(ExtensibilityGlobals) = postSolution
		SolutionGuid = {C9AA50D1-36CC-497F-B5DA-1F962A9C6F7B}
	EndGlobalSection
EndGlobal
